
Microsoft Visual Studio Solution File, Format Version 12.00
# Visual Studio Version 17
VisualStudioVersion = 17.14.36202.13 d17.14
MinimumVisualStudioVersion = 10.0.40219.1
Project("{FAE04EC0-301F-11D3-BF4B-00C04F79EFBC}") = "Militarmagier", "Militarmagier\Militarmagier.csproj", "{DAD38E4D-7C64-49BE-9DF5-6F9E9503AA0C}"
EndProject
Global
	GlobalSection(SolutionConfigurationPlatforms) = preSolution
		Debug|Any CPU = Debug|Any CPU
		Release|Any CPU = Release|Any CPU
	EndGlobalSection
	GlobalSection(ProjectConfigurationPlatforms) = postSolution
		{DAD38E4D-7C64-49BE-9DF5-6F9E9503AA0C}.Debug|Any CPU.ActiveCfg = Debug|Any CPU
		{DAD38E4D-7C64-49BE-9DF5-6F9E9503AA0C}.Debug|Any CPU.Build.0 = Debug|Any CPU
		{DAD38E4D-7C64-49BE-9DF5-6F9E9503AA0C}.Release|Any CPU.ActiveCfg = Release|Any CPU
		{DAD38E4D-7C64-49BE-9DF5-6F9E9503AA0C}.Release|Any CPU.Build.0 = Release|Any CPU
	EndGlobalSection
	GlobalSection(SolutionProperties) = preSolution
		HideSolutionNode = FALSE
	EndGlobalSection
	GlobalSection(ExtensibilityGlobals) = postSolution
		SolutionGuid = {E43A6585-5F6D-477B-BF58-497F099CB391}
	EndGlobalSection
EndGlobal
